
Microsoft Visual Studio Solution File, Format Version 12.00
# Visual Studio Version 16
VisualStudioVersion = 16.0.29509.3
MinimumVisualStudioVersion = 10.0.40219.1
Project("{FAE04EC0-301F-11D3-BF4B-00C04F79EFBC}") = "Proyecto", "Proyecto.csproj", "{B26F22E8-A5FA-40D6-B713-351B67EC8D07}"
EndProject
Global
	GlobalSection(SolutionConfigurationPlatforms) = preSolution
		Debug|Any CPU = Debug|Any CPU
		Release|Any CPU = Release|Any CPU
	EndGlobalSection
	GlobalSection(ProjectConfigurationPlatforms) = postSolution
		{B26F22E8-A5FA-40D6-B713-351B67EC8D07}.Debug|Any CPU.ActiveCfg = Debug|Any CPU
		{B26F22E8-A5FA-40D6-B713-351B67EC8D07}.Debug|Any CPU.Build.0 = Debug|Any CPU
		{B26F22E8-A5FA-40D6-B713-351B67EC8D07}.Release|Any CPU.ActiveCfg = Release|Any CPU
		{B26F22E8-A5FA-40D6-B713-351B67EC8D07}.Release|Any CPU.Build.0 = Release|Any CPU
	EndGlobalSection
	GlobalSection(SolutionProperties) = preSolution
		HideSolutionNode = FALSE
	EndGlobalSection
	GlobalSection(ExtensibilityGlobals) = postSolution
		SolutionGuid = {CEDA3B48-9135-42B3-AD16-7FF57570A22D}
	EndGlobalSection
EndGlobal
